
Microsoft Visual Studio Solution File, Format Version 12.00
# Visual Studio Version 17
VisualStudioVersion = 17.0.31903.59
MinimumVisualStudioVersion = 10.0.40219.1
Project("{2150E333-8FDC-42A3-9474-1A3956D46DE8}") = "Services", "Services", "{5854FF58-B8C5-05C6-5BF2-ACE42193F22B}"
EndProject
Project("{FAE04EC0-301F-11D3-BF4B-00C04F79EFBC}") = "Catalog", "Services\Catalog\Catalog.csproj", "{1222804F-96F6-4F45-B9C1-12D4449B80DE}"
EndProject
Project("{FAE04EC0-301F-11D3-BF4B-00C04F79EFBC}") = "Identity", "Services\Identity\Identity.csproj", "{43F3A108-1335-48E2-9A65-F2F982F0CE79}"
EndProject
Project("{FAE04EC0-301F-11D3-BF4B-00C04F79EFBC}") = "ApiGateway", "ApiGateway\ApiGateway.csproj", "{64E376A9-A5D7-4F15-A347-EF14ADBD33A4}"
EndProject
Project("{FAE04EC0-301F-11D3-BF4B-00C04F79EFBC}") = "BuildingBlocks", "BuildingBlocks\BuildingBlocks.csproj", "{ECBEE72F-8CD3-4982-BD2F-43CDC4A45DA9}"
EndProject
Project("{FAE04EC0-301F-11D3-BF4B-00C04F79EFBC}") = "Sales", "Services\Sales\Sales.csproj", "{9993797D-AB79-403F-8FC4-1D490AD774F0}"
EndProject
Project("{FAE04EC0-301F-11D3-BF4B-00C04F79EFBC}") = "Repair", "Services\Repair\Repair.csproj", "{D63B5150-336A-49ED-80EF-7138A968A1B3}"
EndProject
Project("{FAE04EC0-301F-11D3-BF4B-00C04F79EFBC}") = "Inventory", "Services\Inventory\Inventory.csproj", "{C255711E-B042-4542-8B0C-6049F6B43737}"
EndProject
Project("{FAE04EC0-301F-11D3-BF4B-00C04F79EFBC}") = "Sales.Tests", "Services\Sales.Tests\Sales.Tests.csproj", "{47CA543D-6BE2-432F-9F3C-242EC479C3E9}"
EndProject
Project("{FAE04EC0-301F-11D3-BF4B-00C04F79EFBC}") = "Accounting", "Services\Accounting\Accounting.csproj", "{F1562AD1-2462-46A6-80EE-CF640C9F04A4}"
EndProject
Project("{FAE04EC0-301F-11D3-BF4B-00C04F79EFBC}") = "Inventory.Tests", "Services\Inventory.Tests\Inventory.Tests.csproj", "{A1FFD3EA-76C9-43BD-9CC9-35B18687B82A}"
EndProject
Project("{FAE04EC0-301F-11D3-BF4B-00C04F79EFBC}") = "Repair.Tests", "Services\Repair.Tests\Repair.Tests.csproj", "{0100F2FB-F78F-4708-A4D9-8057E5D31E9A}"
EndProject
Project("{FAE04EC0-301F-11D3-BF4B-00C04F79EFBC}") = "Warranty", "Services\Warranty\Warranty.csproj", "{9B551907-3855-43BB-96B1-D222A6C2CD7D}"
EndProject
Project("{FAE04EC0-301F-11D3-BF4B-00C04F79EFBC}") = "Payments", "Services\Payments\Payments.csproj", "{173A9013-E246-4F11-A1A5-33D4B498E408}"
EndProject
Project("{FAE04EC0-301F-11D3-BF4B-00C04F79EFBC}") = "Content", "Services\Content\Content.csproj", "{69522F70-9B0B-4F01-BEF6-5C2A4008C933}"
EndProject
Project("{FAE04EC0-301F-11D3-BF4B-00C04F79EFBC}") = "Ai", "Services\Ai\Ai.csproj", "{9E51B96C-0B6E-4106-B03D-33BBB9C0D698}"
EndProject
Project("{FAE04EC0-301F-11D3-BF4B-00C04F79EFBC}") = "Communication", "Services\Communication\Communication.csproj", "{0B49D16F-262C-4264-977B-F8646F6455EC}"
EndProject
Project("{FAE04EC0-301F-11D3-BF4B-00C04F79EFBC}") = "Identity.Tests", "Services\Identity.Tests\Identity.Tests.csproj", "{AEA7CB32-152A-41A5-8709-96671740E986}"
EndProject
Global
	GlobalSection(SolutionConfigurationPlatforms) = preSolution
		Debug|Any CPU = Debug|Any CPU
		Debug|x64 = Debug|x64
		Debug|x86 = Debug|x86
		Release|Any CPU = Release|Any CPU
		Release|x64 = Release|x64
		Release|x86 = Release|x86
	EndGlobalSection
	GlobalSection(ProjectConfigurationPlatforms) = postSolution
		{1222804F-96F6-4F45-B9C1-12D4449B80DE}.Debug|Any CPU.ActiveCfg = Debug|Any CPU
		{1222804F-96F6-4F45-B9C1-12D4449B80DE}.Debug|Any CPU.Build.0 = Debug|Any CPU
		{1222804F-96F6-4F45-B9C1-12D4449B80DE}.Debug|x64.ActiveCfg = Debug|Any CPU
		{1222804F-96F6-4F45-B9C1-12D4449B80DE}.Debug|x64.Build.0 = Debug|Any CPU
		{1222804F-96F6-4F45-B9C1-12D4449B80DE}.Debug|x86.ActiveCfg = Debug|Any CPU
		{1222804F-96F6-4F45-B9C1-12D4449B80DE}.Debug|x86.Build.0 = Debug|Any CPU
		{1222804F-96F6-4F45-B9C1-12D4449B80DE}.Release|Any CPU.ActiveCfg = Release|Any CPU
		{1222804F-96F6-4F45-B9C1-12D4449B80DE}.Release|Any CPU.Build.0 = Release|Any CPU
		{1222804F-96F6-4F45-B9C1-12D4449B80DE}.Release|x64.ActiveCfg = Release|Any CPU
		{1222804F-96F6-4F45-B9C1-12D4449B80DE}.Release|x64.Build.0 = Release|Any CPU
		{1222804F-96F6-4F45-B9C1-12D4449B80DE}.Release|x86.ActiveCfg = Release|Any CPU
		{1222804F-96F6-4F45-B9C1-12D4449B80DE}.Release|x86.Build.0 = Release|Any CPU
		{43F3A108-1335-48E2-9A65-F2F982F0CE79}.Debug|Any CPU.ActiveCfg = Debug|Any CPU
		{43F3A108-1335-48E2-9A65-F2F982F0CE79}.Debug|Any CPU.Build.0 = Debug|Any CPU
		{43F3A108-1335-48E2-9A65-F2F982F0CE79}.Debug|x64.ActiveCfg = Debug|Any CPU
		{43F3A108-1335-48E2-9A65-F2F982F0CE79}.Debug|x64.Build.0 = Debug|Any CPU
		{43F3A108-1335-48E2-9A65-F2F982F0CE79}.Debug|x86.ActiveCfg = Debug|Any CPU
		{43F3A108-1335-48E2-9A65-F2F982F0CE79}.Debug|x86.Build.0 = Debug|Any CPU
		{43F3A108-1335-48E2-9A65-F2F982F0CE79}.Release|Any CPU.ActiveCfg = Release|Any CPU
		{43F3A108-1335-48E2-9A65-F2F982F0CE79}.Release|Any CPU.Build.0 = Release|Any CPU
		{43F3A108-1335-48E2-9A65-F2F982F0CE79}.Release|x64.ActiveCfg = Release|Any CPU
		{43F3A108-1335-48E2-9A65-F2F982F0CE79}.Release|x64.Build.0 = Release|Any CPU
		{43F3A108-1335-48E2-9A65-F2F982F0CE79}.Release|x86.ActiveCfg = Release|Any CPU
		{43F3A108-1335-48E2-9A65-F2F982F0CE79}.Release|x86.Build.0 = Release|Any CPU
		{64E376A9-A5D7-4F15-A347-EF14ADBD33A4}.Debug|Any CPU.ActiveCfg = Debug|Any CPU
		{64E376A9-A5D7-4F15-A347-EF14ADBD33A4}.Debug|Any CPU.Build.0 = Debug|Any CPU
		{64E376A9-A5D7-4F15-A347-EF14ADBD33A4}.Debug|x64.ActiveCfg = Debug|Any CPU
		{64E376A9-A5D7-4F15-A347-EF14ADBD33A4}.Debug|x64.Build.0 = Debug|Any CPU
		{64E376A9-A5D7-4F15-A347-EF14ADBD33A4}.Debug|x86.ActiveCfg = Debug|Any CPU
		{64E376A9-A5D7-4F15-A347-EF14ADBD33A4}.Debug|x86.Build.0 = Debug|Any CPU
		{64E376A9-A5D7-4F15-A347-EF14ADBD33A4}.Release|Any CPU.ActiveCfg = Release|Any CPU
		{64E376A9-A5D7-4F15-A347-EF14ADBD33A4}.Release|Any CPU.Build.0 = Release|Any CPU
		{64E376A9-A5D7-4F15-A347-EF14ADBD33A4}.Release|x64.ActiveCfg = Release|Any CPU
		{64E376A9-A5D7-4F15-A347-EF14ADBD33A4}.Release|x64.Build.0 = Release|Any CPU
		{64E376A9-A5D7-4F15-A347-EF14ADBD33A4}.Release|x86.ActiveCfg = Release|Any CPU
		{64E376A9-A5D7-4F15-A347-EF14ADBD33A4}.Release|x86.Build.0 = Release|Any CPU
		{ECBEE72F-8CD3-4982-BD2F-43CDC4A45DA9}.Debug|Any CPU.ActiveCfg = Debug|Any CPU
		{ECBEE72F-8CD3-4982-BD2F-43CDC4A45DA9}.Debug|Any CPU.Build.0 = Debug|Any CPU
		{ECBEE72F-8CD3-4982-BD2F-43CDC4A45DA9}.Debug|x64.ActiveCfg = Debug|Any CPU
		{ECBEE72F-8CD3-4982-BD2F-43CDC4A45DA9}.Debug|x64.Build.0 = Debug|Any CPU
		{ECBEE72F-8CD3-4982-BD2F-43CDC4A45DA9}.Debug|x86.ActiveCfg = Debug|Any CPU
		{ECBEE72F-8CD3-4982-BD2F-43CDC4A45DA9}.Debug|x86.Build.0 = Debug|Any CPU
		{ECBEE72F-8CD3-4982-BD2F-43CDC4A45DA9}.Release|Any CPU.ActiveCfg = Release|Any CPU
		{ECBEE72F-8CD3-4982-BD2F-43CDC4A45DA9}.Release|Any CPU.Build.0 = Release|Any CPU
		{ECBEE72F-8CD3-4982-BD2F-43CDC4A45DA9}.Release|x64.ActiveCfg = Release|Any CPU
		{ECBEE72F-8CD3-4982-BD2F-43CDC4A45DA9}.Release|x64.Build.0 = Release|Any CPU
		{ECBEE72F-8CD3-4982-BD2F-43CDC4A45DA9}.Release|x86.ActiveCfg = Release|Any CPU
		{ECBEE72F-8CD3-4982-BD2F-43CDC4A45DA9}.Release|x86.Build.0 = Release|Any CPU
		{9993797D-AB79-403F-8FC4-1D490AD774F0}.Debug|Any CPU.ActiveCfg = Debug|Any CPU
		{9993797D-AB79-403F-8FC4-1D490AD774F0}.Debug|Any CPU.Build.0 = Debug|Any CPU
		{9993797D-AB79-403F-8FC4-1D490AD774F0}.Debug|x64.ActiveCfg = Debug|Any CPU
		{9993797D-AB79-403F-8FC4-1D490AD774F0}.Debug|x64.Build.0 = Debug|Any CPU
		{9993797D-AB79-403F-8FC4-1D490AD774F0}.Debug|x86.ActiveCfg = Debug|Any CPU
		{9993797D-AB79-403F-8FC4-1D490AD774F0}.Debug|x86.Build.0 = Debug|Any CPU
		{9993797D-AB79-403F-8FC4-1D490AD774F0}.Release|Any CPU.ActiveCfg = Release|Any CPU
		{9993797D-AB79-403F-8FC4-1D490AD774F0}.Release|Any CPU.Build.0 = Release|Any CPU
		{9993797D-AB79-403F-8FC4-1D490AD774F0}.Release|x64.ActiveCfg = Release|Any CPU
		{9993797D-AB79-403F-8FC4-1D490AD774F0}.Release|x64.Build.0 = Release|Any CPU
		{9993797D-AB79-403F-8FC4-1D490AD774F0}.Release|x86.ActiveCfg = Release|Any CPU
		{9993797D-AB79-403F-8FC4-1D490AD774F0}.Release|x86.Build.0 = Release|Any CPU
		{D63B5150-336A-49ED-80EF-7138A968A1B3}.Debug|Any CPU.ActiveCfg = Debug|Any CPU
		{D63B5150-336A-49ED-80EF-7138A968A1B3}.Debug|Any CPU.Build.0 = Debug|Any CPU
		{D63B5150-336A-49ED-80EF-7138A968A1B3}.Debug|x64.ActiveCfg = Debug|Any CPU
		{D63B5150-336A-49ED-80EF-7138A968A1B3}.Debug|x64.Build.0 = Debug|Any CPU
		{D63B5150-336A-49ED-80EF-7138A968A1B3}.Debug|x86.ActiveCfg = Debug|Any CPU
		{D63B5150-336A-49ED-80EF-7138A968A1B3}.Debug|x86.Build.0 = Debug|Any CPU
		{D63B5150-336A-49ED-80EF-7138A968A1B3}.Release|Any CPU.ActiveCfg = Release|Any CPU
		{D63B5150-336A-49ED-80EF-7138A968A1B3}.Release|Any CPU.Build.0 = Release|Any CPU
		{D63B5150-336A-49ED-80EF-7138A968A1B3}.Release|x64.ActiveCfg = Release|Any CPU
		{D63B5150-336A-49ED-80EF-7138A968A1B3}.Release|x64.Build.0 = Release|Any CPU
		{D63B5150-336A-49ED-80EF-7138A968A1B3}.Release|x86.ActiveCfg = Release|Any CPU
		{D63B5150-336A-49ED-80EF-7138A968A1B3}.Release|x86.Build.0 = Release|Any CPU
		{C255711E-B042-4542-8B0C-6049F6B43737}.Debug|Any CPU.ActiveCfg = Debug|Any CPU
		{C255711E-B042-4542-8B0C-6049F6B43737}.Debug|Any CPU.Build.0 = Debug|Any CPU
		{C255711E-B042-4542-8B0C-6049F6B43737}.Debug|x64.ActiveCfg = Debug|Any CPU
		{C255711E-B042-4542-8B0C-6049F6B43737}.Debug|x64.Build.0 = Debug|Any CPU
		{C255711E-B042-4542-8B0C-6049F6B43737}.Debug|x86.ActiveCfg = Debug|Any CPU
		{C255711E-B042-4542-8B0C-6049F6B43737}.Debug|x86.Build.0 = Debug|Any CPU
		{C255711E-B042-4542-8B0C-6049F6B43737}.Release|Any CPU.ActiveCfg = Release|Any CPU
		{C255711E-B042-4542-8B0C-6049F6B43737}.Release|Any CPU.Build.0 = Release|Any CPU
		{C255711E-B042-4542-8B0C-6049F6B43737}.Release|x64.ActiveCfg = Release|Any CPU
		{C255711E-B042-4542-8B0C-6049F6B43737}.Release|x64.Build.0 = Release|Any CPU
		{C255711E-B042-4542-8B0C-6049F6B43737}.Release|x86.ActiveCfg = Release|Any CPU
		{C255711E-B042-4542-8B0C-6049F6B43737}.Release|x86.Build.0 = Release|Any CPU
		{47CA543D-6BE2-432F-9F3C-242EC479C3E9}.Debug|Any CPU.ActiveCfg = Debug|Any CPU
		{47CA543D-6BE2-432F-9F3C-242EC479C3E9}.Debug|Any CPU.Build.0 = Debug|Any CPU
		{47CA543D-6BE2-432F-9F3C-242EC479C3E9}.Debug|x64.ActiveCfg = Debug|Any CPU
		{47CA543D-6BE2-432F-9F3C-242EC479C3E9}.Debug|x64.Build.0 = Debug|Any CPU
		{47CA543D-6BE2-432F-9F3C-242EC479C3E9}.Debug|x86.ActiveCfg = Debug|Any CPU
		{47CA543D-6BE2-432F-9F3C-242EC479C3E9}.Debug|x86.Build.0 = Debug|Any CPU
		{47CA543D-6BE2-432F-9F3C-242EC479C3E9}.Release|Any CPU.ActiveCfg = Release|Any CPU
		{47CA543D-6BE2-432F-9F3C-242EC479C3E9}.Release|Any CPU.Build.0 = Release|Any CPU
		{47CA543D-6BE2-432F-9F3C-242EC479C3E9}.Release|x64.ActiveCfg = Release|Any CPU
		{47CA543D-6BE2-432F-9F3C-242EC479C3E9}.Release|x64.Build.0 = Release|Any CPU
		{47CA543D-6BE2-432F-9F3C-242EC479C3E9}.Release|x86.ActiveCfg = Release|Any CPU
		{47CA543D-6BE2-432F-9F3C-242EC479C3E9}.Release|x86.Build.0 = Release|Any CPU
		{F1562AD1-2462-46A6-80EE-CF640C9F04A4}.Debug|Any CPU.ActiveCfg = Debug|Any CPU
		{F1562AD1-2462-46A6-80EE-CF640C9F04A4}.Debug|Any CPU.Build.0 = Debug|Any CPU
		{F1562AD1-2462-46A6-80EE-CF640C9F04A4}.Debug|x64.ActiveCfg = Debug|Any CPU
		{F1562AD1-2462-46A6-80EE-CF640C9F04A4}.Debug|x64.Build.0 = Debug|Any CPU
		{F1562AD1-2462-46A6-80EE-CF640C9F04A4}.Debug|x86.ActiveCfg = Debug|Any CPU
		{F1562AD1-2462-46A6-80EE-CF640C9F04A4}.Debug|x86.Build.0 = Debug|Any CPU
		{F1562AD1-2462-46A6-80EE-CF640C9F04A4}.Release|Any CPU.ActiveCfg = Release|Any CPU
		{F1562AD1-2462-46A6-80EE-CF640C9F04A4}.Release|Any CPU.Build.0 = Release|Any CPU
		{F1562AD1-2462-46A6-80EE-CF640C9F04A4}.Release|x64.ActiveCfg = Release|Any CPU
		{F1562AD1-2462-46A6-80EE-CF640C9F04A4}.Release|x64.Build.0 = Release|Any CPU
		{F1562AD1-2462-46A6-80EE-CF640C9F04A4}.Release|x86.ActiveCfg = Release|Any CPU
		{F1562AD1-2462-46A6-80EE-CF640C9F04A4}.Release|x86.Build.0 = Release|Any CPU
		{A1FFD3EA-76C9-43BD-9CC9-35B18687B82A}.Debug|Any CPU.ActiveCfg = Debug|Any CPU
		{A1FFD3EA-76C9-43BD-9CC9-35B18687B82A}.Debug|Any CPU.Build.0 = Debug|Any CPU
		{A1FFD3EA-76C9-43BD-9CC9-35B18687B82A}.Debug|x64.ActiveCfg = Debug|Any CPU
		{A1FFD3EA-76C9-43BD-9CC9-35B18687B82A}.Debug|x64.Build.0 = Debug|Any CPU
		{A1FFD3EA-76C9-43BD-9CC9-35B18687B82A}.Debug|x86.ActiveCfg = Debug|Any CPU
		{A1FFD3EA-76C9-43BD-9CC9-35B18687B82A}.Debug|x86.Build.0 = Debug|Any CPU
		{A1FFD3EA-76C9-43BD-9CC9-35B18687B82A}.Release|Any CPU.ActiveCfg = Release|Any CPU
		{A1FFD3EA-76C9-43BD-9CC9-35B18687B82A}.Release|Any CPU.Build.0 = Release|Any CPU
		{A1FFD3EA-76C9-43BD-9CC9-35B18687B82A}.Release|x64.ActiveCfg = Release|Any CPU
		{A1FFD3EA-76C9-43BD-9CC9-35B18687B82A}.Release|x64.Build.0 = Release|Any CPU
		{A1FFD3EA-76C9-43BD-9CC9-35B18687B82A}.Release|x86.ActiveCfg = Release|Any CPU
		{A1FFD3EA-76C9-43BD-9CC9-35B18687B82A}.Release|x86.Build.0 = Release|Any CPU
		{0100F2FB-F78F-4708-A4D9-8057E5D31E9A}.Debug|Any CPU.ActiveCfg = Debug|Any CPU
		{0100F2FB-F78F-4708-A4D9-8057E5D31E9A}.Debug|Any CPU.Build.0 = Debug|Any CPU
		{0100F2FB-F78F-4708-A4D9-8057E5D31E9A}.Debug|x64.ActiveCfg = Debug|Any CPU
		{0100F2FB-F78F-4708-A4D9-8057E5D31E9A}.Debug|x64.Build.0 = Debug|Any CPU
		{0100F2FB-F78F-4708-A4D9-8057E5D31E9A}.Debug|x86.ActiveCfg = Debug|Any CPU
		{0100F2FB-F78F-4708-A4D9-8057E5D31E9A}.Debug|x86.Build.0 = Debug|Any CPU
		{0100F2FB-F78F-4708-A4D9-8057E5D31E9A}.Release|Any CPU.ActiveCfg = Release|Any CPU
		{0100F2FB-F78F-4708-A4D9-8057E5D31E9A}.Release|Any CPU.Build.0 = Release|Any CPU
		{0100F2FB-F78F-4708-A4D9-8057E5D31E9A}.Release|x64.ActiveCfg = Release|Any CPU
		{0100F2FB-F78F-4708-A4D9-8057E5D31E9A}.Release|x64.Build.0 = Release|Any CPU
		{0100F2FB-F78F-4708-A4D9-8057E5D31E9A}.Release|x86.ActiveCfg = Release|Any CPU
		{0100F2FB-F78F-4708-A4D9-8057E5D31E9A}.Release|x86.Build.0 = Release|Any CPU
		{9B551907-3855-43BB-96B1-D222A6C2CD7D}.Debug|Any CPU.ActiveCfg = Debug|Any CPU
		{9B551907-3855-43BB-96B1-D222A6C2CD7D}.Debug|Any CPU.Build.0 = Debug|Any CPU
		{9B551907-3855-43BB-96B1-D222A6C2CD7D}.Debug|x64.ActiveCfg = Debug|Any CPU
		{9B551907-3855-43BB-96B1-D222A6C2CD7D}.Debug|x64.Build.0 = Debug|Any CPU
		{9B551907-3855-43BB-96B1-D222A6C2CD7D}.Debug|x86.ActiveCfg = Debug|Any CPU
		{9B551907-3855-43BB-96B1-D222A6C2CD7D}.Debug|x86.Build.0 = Debug|Any CPU
		{9B551907-3855-43BB-96B1-D222A6C2CD7D}.Release|Any CPU.ActiveCfg = Release|Any CPU
		{9B551907-3855-43BB-96B1-D222A6C2CD7D}.Release|Any CPU.Build.0 = Release|Any CPU
		{9B551907-3855-43BB-96B1-D222A6C2CD7D}.Release|x64.ActiveCfg = Release|Any CPU
		{9B551907-3855-43BB-96B1-D222A6C2CD7D}.Release|x64.Build.0 = Release|Any CPU
		{9B551907-3855-43BB-96B1-D222A6C2CD7D}.Release|x86.ActiveCfg = Release|Any CPU
		{9B551907-3855-43BB-96B1-D222A6C2CD7D}.Release|x86.Build.0 = Release|Any CPU
		{173A9013-E246-4F11-A1A5-33D4B498E408}.Debug|Any CPU.ActiveCfg = Debug|Any CPU
		{173A9013-E246-4F11-A1A5-33D4B498E408}.Debug|Any CPU.Build.0 = Debug|Any CPU
		{173A9013-E246-4F11-A1A5-33D4B498E408}.Debug|x64.ActiveCfg = Debug|Any CPU
		{173A9013-E246-4F11-A1A5-33D4B498E408}.Debug|x64.Build.0 = Debug|Any CPU
		{173A9013-E246-4F11-A1A5-33D4B498E408}.Debug|x86.ActiveCfg = Debug|Any CPU
		{173A9013-E246-4F11-A1A5-33D4B498E408}.Debug|x86.Build.0 = Debug|Any CPU
		{173A9013-E246-4F11-A1A5-33D4B498E408}.Release|Any CPU.ActiveCfg = Release|Any CPU
		{173A9013-E246-4F11-A1A5-33D4B498E408}.Release|Any CPU.Build.0 = Release|Any CPU
		{173A9013-E246-4F11-A1A5-33D4B498E408}.Release|x64.ActiveCfg = Release|Any CPU
		{173A9013-E246-4F11-A1A5-33D4B498E408}.Release|x64.Build.0 = Release|Any CPU
		{173A9013-E246-4F11-A1A5-33D4B498E408}.Release|x86.ActiveCfg = Release|Any CPU
		{173A9013-E246-4F11-A1A5-33D4B498E408}.Release|x86.Build.0 = Release|Any CPU
		{69522F70-9B0B-4F01-BEF6-5C2A4008C933}.Debug|Any CPU.ActiveCfg = Debug|Any CPU
		{69522F70-9B0B-4F01-BEF6-5C2A4008C933}.Debug|Any CPU.Build.0 = Debug|Any CPU
		{69522F70-9B0B-4F01-BEF6-5C2A4008C933}.Debug|x64.ActiveCfg = Debug|Any CPU
		{69522F70-9B0B-4F01-BEF6-5C2A4008C933}.Debug|x64.Build.0 = Debug|Any CPU
		{69522F70-9B0B-4F01-BEF6-5C2A4008C933}.Debug|x86.ActiveCfg = Debug|Any CPU
		{69522F70-9B0B-4F01-BEF6-5C2A4008C933}.Debug|x86.Build.0 = Debug|Any CPU
		{69522F70-9B0B-4F01-BEF6-5C2A4008C933}.Release|Any CPU.ActiveCfg = Release|Any CPU
		{69522F70-9B0B-4F01-BEF6-5C2A4008C933}.Release|Any CPU.Build.0 = Release|Any CPU
		{69522F70-9B0B-4F01-BEF6-5C2A4008C933}.Release|x64.ActiveCfg = Release|Any CPU
		{69522F70-9B0B-4F01-BEF6-5C2A4008C933}.Release|x64.Build.0 = Release|Any CPU
		{69522F70-9B0B-4F01-BEF6-5C2A4008C933}.Release|x86.ActiveCfg = Release|Any CPU
		{69522F70-9B0B-4F01-BEF6-5C2A4008C933}.Release|x86.Build.0 = Release|Any CPU
		{9E51B96C-0B6E-4106-B03D-33BBB9C0D698}.Debug|Any CPU.ActiveCfg = Debug|Any CPU
		{9E51B96C-0B6E-4106-B03D-33BBB9C0D698}.Debug|Any CPU.Build.0 = Debug|Any CPU
		{9E51B96C-0B6E-4106-B03D-33BBB9C0D698}.Debug|x64.ActiveCfg = Debug|Any CPU
		{9E51B96C-0B6E-4106-B03D-33BBB9C0D698}.Debug|x64.Build.0 = Debug|Any CPU
		{9E51B96C-0B6E-4106-B03D-33BBB9C0D698}.Debug|x86.ActiveCfg = Debug|Any CPU
		{9E51B96C-0B6E-4106-B03D-33BBB9C0D698}.Debug|x86.Build.0 = Debug|Any CPU
		{9E51B96C-0B6E-4106-B03D-33BBB9C0D698}.Release|Any CPU.ActiveCfg = Release|Any CPU
		{9E51B96C-0B6E-4106-B03D-33BBB9C0D698}.Release|Any CPU.Build.0 = Release|Any CPU
		{9E51B96C-0B6E-4106-B03D-33BBB9C0D698}.Release|x64.ActiveCfg = Release|Any CPU
		{9E51B96C-0B6E-4106-B03D-33BBB9C0D698}.Release|x64.Build.0 = Release|Any CPU
		{9E51B96C-0B6E-4106-B03D-33BBB9C0D698}.Release|x86.ActiveCfg = Release|Any CPU
		{9E51B96C-0B6E-4106-B03D-33BBB9C0D698}.Release|x86.Build.0 = Release|Any CPU
		{0B49D16F-262C-4264-977B-F8646F6455EC}.Debug|Any CPU.ActiveCfg = Debug|Any CPU
		{0B49D16F-262C-4264-977B-F8646F6455EC}.Debug|Any CPU.Build.0 = Debug|Any CPU
		{0B49D16F-262C-4264-977B-F8646F6455EC}.Debug|x64.ActiveCfg = Debug|Any CPU
		{0B49D16F-262C-4264-977B-F8646F6455EC}.Debug|x64.Build.0 = Debug|Any CPU
		{0B49D16F-262C-4264-977B-F8646F6455EC}.Debug|x86.ActiveCfg = Debug|Any CPU
		{0B49D16F-262C-4264-977B-F8646F6455EC}.Debug|x86.Build.0 = Debug|Any CPU
		{0B49D16F-262C-4264-977B-F8646F6455EC}.Release|Any CPU.ActiveCfg = Release|Any CPU
		{0B49D16F-262C-4264-977B-F8646F6455EC}.Release|Any CPU.Build.0 = Release|Any CPU
		{0B49D16F-262C-4264-977B-F8646F6455EC}.Release|x64.ActiveCfg = Release|Any CPU
		{0B49D16F-262C-4264-977B-F8646F6455EC}.Release|x64.Build.0 = Release|Any CPU
		{0B49D16F-262C-4264-977B-F8646F6455EC}.Release|x86.ActiveCfg = Release|Any CPU
		{0B49D16F-262C-4264-977B-F8646F6455EC}.Release|x86.Build.0 = Release|Any CPU
		{AEA7CB32-152A-41A5-8709-96671740E986}.Debug|Any CPU.ActiveCfg = Debug|Any CPU
		{AEA7CB32-152A-41A5-8709-96671740E986}.Debug|Any CPU.Build.0 = Debug|Any CPU
		{AEA7CB32-152A-41A5-8709-96671740E986}.Debug|x64.ActiveCfg = Debug|Any CPU
		{AEA7CB32-152A-41A5-8709-96671740E986}.Debug|x64.Build.0 = Debug|Any CPU
		{AEA7CB32-152A-41A5-8709-96671740E986}.Debug|x86.ActiveCfg = Debug|Any CPU
		{AEA7CB32-152A-41A5-8709-96671740E986}.Debug|x86.Build.0 = Debug|Any CPU
		{AEA7CB32-152A-41A5-8709-96671740E986}.Release|Any CPU.ActiveCfg = Release|Any CPU
		{AEA7CB32-152A-41A5-8709-96671740E986}.Release|Any CPU.Build.0 = Release|Any CPU
		{AEA7CB32-152A-41A5-8709-96671740E986}.Release|x64.ActiveCfg = Release|Any CPU
		{AEA7CB32-152A-41A5-8709-96671740E986}.Release|x64.Build.0 = Release|Any CPU
		{AEA7CB32-152A-41A5-8709-96671740E986}.Release|x86.ActiveCfg = Release|Any CPU
		{AEA7CB32-152A-41A5-8709-96671740E986}.Release|x86.Build.0 = Release|Any CPU
	EndGlobalSection
	GlobalSection(SolutionProperties) = preSolution
		HideSolutionNode = FALSE
	EndGlobalSection
	GlobalSection(NestedProjects) = preSolution
		{1222804F-96F6-4F45-B9C1-12D4449B80DE} = {5854FF58-B8C5-05C6-5BF2-ACE42193F22B}
		{43F3A108-1335-48E2-9A65-F2F982F0CE79} = {5854FF58-B8C5-05C6-5BF2-ACE42193F22B}
		{ECBEE72F-8CD3-4982-BD2F-43CDC4A45DA9} = {5854FF58-B8C5-05C6-5BF2-ACE42193F22B}
		{9993797D-AB79-403F-8FC4-1D490AD774F0} = {5854FF58-B8C5-05C6-5BF2-ACE42193F22B}
		{D63B5150-336A-49ED-80EF-7138A968A1B3} = {5854FF58-B8C5-05C6-5BF2-ACE42193F22B}
		{C255711E-B042-4542-8B0C-6049F6B43737} = {5854FF58-B8C5-05C6-5BF2-ACE42193F22B}
		{47CA543D-6BE2-432F-9F3C-242EC479C3E9} = {5854FF58-B8C5-05C6-5BF2-ACE42193F22B}
		{F1562AD1-2462-46A6-80EE-CF640C9F04A4} = {5854FF58-B8C5-05C6-5BF2-ACE42193F22B}
		{A1FFD3EA-76C9-43BD-9CC9-35B18687B82A} = {5854FF58-B8C5-05C6-5BF2-ACE42193F22B}
		{0100F2FB-F78F-4708-A4D9-8057E5D31E9A} = {5854FF58-B8C5-05C6-5BF2-ACE42193F22B}
		{9B551907-3855-43BB-96B1-D222A6C2CD7D} = {5854FF58-B8C5-05C6-5BF2-ACE42193F22B}
		{173A9013-E246-4F11-A1A5-33D4B498E408} = {5854FF58-B8C5-05C6-5BF2-ACE42193F22B}
		{69522F70-9B0B-4F01-BEF6-5C2A4008C933} = {5854FF58-B8C5-05C6-5BF2-ACE42193F22B}
		{9E51B96C-0B6E-4106-B03D-33BBB9C0D698} = {5854FF58-B8C5-05C6-5BF2-ACE42193F22B}
		{0B49D16F-262C-4264-977B-F8646F6455EC} = {5854FF58-B8C5-05C6-5BF2-ACE42193F22B}
		{AEA7CB32-152A-41A5-8709-96671740E986} = {5854FF58-B8C5-05C6-5BF2-ACE42193F22B}
	EndGlobalSection
EndGlobal
